
Microsoft Visual Studio Solution File, Format Version 12.00
# Visual Studio Version 16
VisualStudioVersion = 16.0.31005.135
MinimumVisualStudioVersion = 10.0.40219.1
Project("{FAE04EC0-301F-11D3-BF4B-00C04F79EFBC}") = "FailuresCommon", "FailuresCommon\FailuresCommon.csproj", "{A55FD0CA-1795-4601-895B-23F44FC99D15}"
EndProject
Global
	GlobalSection(SolutionConfigurationPlatforms) = preSolution
		Debug|Any CPU = Debug|Any CPU
		Release|Any CPU = Release|Any CPU
	EndGlobalSection
	GlobalSection(ProjectConfigurationPlatforms) = postSolution
		{A55FD0CA-1795-4601-895B-23F44FC99D15}.Debug|Any CPU.ActiveCfg = Debug|Any CPU
		{A55FD0CA-1795-4601-895B-23F44FC99D15}.Debug|Any CPU.Build.0 = Debug|Any CPU
		{A55FD0CA-1795-4601-895B-23F44FC99D15}.Release|Any CPU.ActiveCfg = Release|Any CPU
		{A55FD0CA-1795-4601-895B-23F44FC99D15}.Release|Any CPU.Build.0 = Release|Any CPU
	EndGlobalSection
	GlobalSection(SolutionProperties) = preSolution
		HideSolutionNode = FALSE
	EndGlobalSection
	GlobalSection(ExtensibilityGlobals) = postSolution
		SolutionGuid = {B93DD6A6-62C0-4F9B-8C9E-5F6DF67BC460}
	EndGlobalSection
EndGlobal
